
Microsoft Visual Studio Solution File, Format Version 12.00
# Visual Studio Version 17
VisualStudioVersion = 17.11.35327.3
MinimumVisualStudioVersion = 10.0.40219.1
Project("{FAE04EC0-301F-11D3-BF4B-00C04F79EFBC}") = "jkdgkj", "jkdgkj\jkdgkj.csproj", "{C730B580-7CD8-4863-9F12-726D7173D4C8}"
EndProject
Project("{FAE04EC0-301F-11D3-BF4B-00C04F79EFBC}") = "09-25", "09-25\09-25.csproj", "{7C32231F-9EB5-4C09-B905-62DA5026ED58}"
EndProject
Project("{FAE04EC0-301F-11D3-BF4B-00C04F79EFBC}") = "kor", "kor\kor.csproj", "{4C6AA7EC-5537-4BC4-8BB5-EDE3DA5391EF}"
EndProject
Project("{FAE04EC0-301F-11D3-BF4B-00C04F79EFBC}") = "téglalap", "téglalap\téglalap.csproj", "{CE97A520-C3E7-4394-8232-11345527960C}"
EndProject
Project("{FAE04EC0-301F-11D3-BF4B-00C04F79EFBC}") = "HaromszogTipusaOOP", "HaromszogTipusaOOP\HaromszogTipusaOOP.csproj", "{B8CC7916-AA53-4A81-A77B-49A1C4E962EE}"
EndProject
Project("{FAE04EC0-301F-11D3-BF4B-00C04F79EFBC}") = "kivetel", "kivetel\kivetel.csproj", "{7510391E-8496-46A0-8977-0026E1D397D7}"
EndProject
Project("{FAE04EC0-301F-11D3-BF4B-00C04F79EFBC}") = "negyzet", "negyzet\negyzet.csproj", "{614448E5-8851-43A4-B1F7-586E13F18182}"
EndProject
Project("{FAE04EC0-301F-11D3-BF4B-00C04F79EFBC}") = "epmagassag", "epmagassag\epmagassag.csproj", "{2549D994-ED48-4048-A095-F5C6F7C5E026}"
EndProject
Project("{FAE04EC0-301F-11D3-BF4B-00C04F79EFBC}") = "varos", "varos\varos.csproj", "{69DCF022-BA81-4877-A160-66D2B883BD22}"
EndProject
Project("{FAE04EC0-301F-11D3-BF4B-00C04F79EFBC}") = "abstarct", "ConsoleApp1\abstarct.csproj", "{5E7DC6A6-BF4A-4962-B0D6-F3E2467E0868}"
EndProject
Project("{FAE04EC0-301F-11D3-BF4B-00C04F79EFBC}") = "ahahahahahaahha", "ahahahahahaahha\ahahahahahaahha.csproj", "{B23A0D7F-7D46-45B4-9C86-F5B35B9F9189}"
EndProject
Global
	GlobalSection(SolutionConfigurationPlatforms) = preSolution
		Debug|Any CPU = Debug|Any CPU
		Release|Any CPU = Release|Any CPU
	EndGlobalSection
	GlobalSection(ProjectConfigurationPlatforms) = postSolution
		{C730B580-7CD8-4863-9F12-726D7173D4C8}.Debug|Any CPU.ActiveCfg = Debug|Any CPU
		{C730B580-7CD8-4863-9F12-726D7173D4C8}.Debug|Any CPU.Build.0 = Debug|Any CPU
		{C730B580-7CD8-4863-9F12-726D7173D4C8}.Release|Any CPU.ActiveCfg = Release|Any CPU
		{C730B580-7CD8-4863-9F12-726D7173D4C8}.Release|Any CPU.Build.0 = Release|Any CPU
		{7C32231F-9EB5-4C09-B905-62DA5026ED58}.Debug|Any CPU.ActiveCfg = Debug|Any CPU
		{7C32231F-9EB5-4C09-B905-62DA5026ED58}.Debug|Any CPU.Build.0 = Debug|Any CPU
		{7C32231F-9EB5-4C09-B905-62DA5026ED58}.Release|Any CPU.ActiveCfg = Release|Any CPU
		{7C32231F-9EB5-4C09-B905-62DA5026ED58}.Release|Any CPU.Build.0 = Release|Any CPU
		{4C6AA7EC-5537-4BC4-8BB5-EDE3DA5391EF}.Debug|Any CPU.ActiveCfg = Debug|Any CPU
		{4C6AA7EC-5537-4BC4-8BB5-EDE3DA5391EF}.Debug|Any CPU.Build.0 = Debug|Any CPU
		{4C6AA7EC-5537-4BC4-8BB5-EDE3DA5391EF}.Release|Any CPU.ActiveCfg = Release|Any CPU
		{4C6AA7EC-5537-4BC4-8BB5-EDE3DA5391EF}.Release|Any CPU.Build.0 = Release|Any CPU
		{CE97A520-C3E7-4394-8232-11345527960C}.Debug|Any CPU.ActiveCfg = Debug|Any CPU
		{CE97A520-C3E7-4394-8232-11345527960C}.Debug|Any CPU.Build.0 = Debug|Any CPU
		{CE97A520-C3E7-4394-8232-11345527960C}.Release|Any CPU.ActiveCfg = Release|Any CPU
		{CE97A520-C3E7-4394-8232-11345527960C}.Release|Any CPU.Build.0 = Release|Any CPU
		{B8CC7916-AA53-4A81-A77B-49A1C4E962EE}.Debug|Any CPU.ActiveCfg = Debug|Any CPU
		{B8CC7916-AA53-4A81-A77B-49A1C4E962EE}.Debug|Any CPU.Build.0 = Debug|Any CPU
		{B8CC7916-AA53-4A81-A77B-49A1C4E962EE}.Release|Any CPU.ActiveCfg = Release|Any CPU
		{B8CC7916-AA53-4A81-A77B-49A1C4E962EE}.Release|Any CPU.Build.0 = Release|Any CPU
		{7510391E-8496-46A0-8977-0026E1D397D7}.Debug|Any CPU.ActiveCfg = Debug|Any CPU
		{7510391E-8496-46A0-8977-0026E1D397D7}.Debug|Any CPU.Build.0 = Debug|Any CPU
		{7510391E-8496-46A0-8977-0026E1D397D7}.Release|Any CPU.ActiveCfg = Release|Any CPU
		{7510391E-8496-46A0-8977-0026E1D397D7}.Release|Any CPU.Build.0 = Release|Any CPU
		{614448E5-8851-43A4-B1F7-586E13F18182}.Debug|Any CPU.ActiveCfg = Debug|Any CPU
		{614448E5-8851-43A4-B1F7-586E13F18182}.Debug|Any CPU.Build.0 = Debug|Any CPU
		{614448E5-8851-43A4-B1F7-586E13F18182}.Release|Any CPU.ActiveCfg = Release|Any CPU
		{614448E5-8851-43A4-B1F7-586E13F18182}.Release|Any CPU.Build.0 = Release|Any CPU
		{2549D994-ED48-4048-A095-F5C6F7C5E026}.Debug|Any CPU.ActiveCfg = Debug|Any CPU
		{2549D994-ED48-4048-A095-F5C6F7C5E026}.Debug|Any CPU.Build.0 = Debug|Any CPU
		{2549D994-ED48-4048-A095-F5C6F7C5E026}.Release|Any CPU.ActiveCfg = Release|Any CPU
		{2549D994-ED48-4048-A095-F5C6F7C5E026}.Release|Any CPU.Build.0 = Release|Any CPU
		{69DCF022-BA81-4877-A160-66D2B883BD22}.Debug|Any CPU.ActiveCfg = Debug|Any CPU
		{69DCF022-BA81-4877-A160-66D2B883BD22}.Debug|Any CPU.Build.0 = Debug|Any CPU
		{69DCF022-BA81-4877-A160-66D2B883BD22}.Release|Any CPU.ActiveCfg = Release|Any CPU
		{69DCF022-BA81-4877-A160-66D2B883BD22}.Release|Any CPU.Build.0 = Release|Any CPU
		{5E7DC6A6-BF4A-4962-B0D6-F3E2467E0868}.Debug|Any CPU.ActiveCfg = Debug|Any CPU
		{5E7DC6A6-BF4A-4962-B0D6-F3E2467E0868}.Debug|Any CPU.Build.0 = Debug|Any CPU
		{5E7DC6A6-BF4A-4962-B0D6-F3E2467E0868}.Release|Any CPU.ActiveCfg = Release|Any CPU
		{5E7DC6A6-BF4A-4962-B0D6-F3E2467E0868}.Release|Any CPU.Build.0 = Release|Any CPU
		{B23A0D7F-7D46-45B4-9C86-F5B35B9F9189}.Debug|Any CPU.ActiveCfg = Debug|Any CPU
		{B23A0D7F-7D46-45B4-9C86-F5B35B9F9189}.Debug|Any CPU.Build.0 = Debug|Any CPU
		{B23A0D7F-7D46-45B4-9C86-F5B35B9F9189}.Release|Any CPU.ActiveCfg = Release|Any CPU
		{B23A0D7F-7D46-45B4-9C86-F5B35B9F9189}.Release|Any CPU.Build.0 = Release|Any CPU
	EndGlobalSection
	GlobalSection(SolutionProperties) = preSolution
		HideSolutionNode = FALSE
	EndGlobalSection
	GlobalSection(ExtensibilityGlobals) = postSolution
		SolutionGuid = {7739E535-1604-4779-AC0B-4BD15A66BA64}
	EndGlobalSection
EndGlobal
